{
  "name": "test-action",
  "version": "1.0.0",
  "lockfileVersion": 2,
  "requires": true,
  "packages": {
    "": {
      "name": "test-action",
      "version": "1.0.0",
      "license": "Apache 2.0",
      "dependencies": {
        "prog-quote": "2.0.0"
      }
    },
    "node_modules/prog-quote": {
      "version": "2.0.0",
      "resolved": "https://registry.npmjs.org/prog-quote/-/prog-quote-2.0.0.tgz",
      "integrity": "sha1-TLBMeosV/zu/kxMQxCsBzSjcMB0=",
      "dependencies": {
        "random-js": "1.0.8"
      }
    },
    "node_modules/random-js": {
      "version": "1.0.8",
      "resolved": "https://registry.npmjs.org/random-js/-/random-js-1.0.8.tgz",
      "integrity": "sha1-lo/WiabyXWwKrHZig94vaIycGQo="
    }
  },
  "dependencies": {
    "prog-quote": {
      "version": "2.0.0",
      "resolved": "https://registry.npmjs.org/prog-quote/-/prog-quote-2.0.0.tgz",
      "integrity": "sha1-TLBMeosV/zu/kxMQxCsBzSjcMB0=",
      "requires": {
        "random-js": "1.0.8"
      }
    },
    "random-js": {
      "version": "1.0.8",
      "resolved": "https://registry.npmjs.org/random-js/-/random-js-1.0.8.tgz",
      "integrity": "sha1-lo/WiabyXWwKrHZig94vaIycGQo="
    }
  }
}
